github.com/evangwt/go-bufcopy v0.1.1 h1:dJDsc/n+rDQj1jEQueddij8Lok4XSy3jBEjCNztqdDE=
github.com/evangwt/go-bufcopy v0.1.1/go.mod h1:0rJeA3+mLjd/WmJmDjZdNU1dZZAxlzW2+VDgGrxFzL8=
github.com/pkg/errors v0.9.1 h1:FEBLx1zS214owpjy7qsBeixbURkuhQAwrK5UwLGTwt4=
github.com/pkg/errors v0.9.1/go.mod h1:bwawxfHBFNV+L2hUp1rHADufV3IMtnDRdf1r5NINEl0=
golang.org/x/net v0.44.0 h1:evd8IRDyfNBMBTTY5XRF1vaZlD+EmWx6x8PkhR04H/I=
golang.org/x/net v0.44.0/go.mod h1:ECOoLqd5U3Lhyeyo/QDCEVQ4sNgYsqvCZ722XogGieY=
