github.com/evangwt/go-bufcopy v0.1.1 h1:dJDsc/n+rDQj1jEQueddij8Lok4XSy3jBEjCNztqdDE=
github.com/evangwt/go-bufcopy v0.1.1/go.mod h1:0rJeA3+mLjd/WmJmDjZdNU1dZZAxlzW2+VDgGrxFzL8=
github.com/pkg/errors v0.9.1 h1:FEBLx1zS214owpjy7qsBeixbURkuhQAwrK5UwLGTwt4=
github.com/pkg/errors v0.9.1/go.mod h1:bwawxfHBFNV+L2hUp1rHADufV3IMtnDRdf1r5NINEl0=
golang.org/x/net v0.43.0 h1:lat02VYK2j4aLzMzecihNvTlJNQUq316m2Mr9rnM6YE=
golang.org/x/net v0.43.0/go.mod h1:vhO1fvI4dGsIjh73sWfUVjj3N7CA9WkKJNQm2svM6Jg=
